PODS:
  - JKActionManager (0.1.1):
    - JKDataHelper
    - JKKVOHelper
  - JKDataHelper (0.1.20)
  - JKKVOHelper (0.1.10)
  - Kiwi (3.0.0)

DEPENDENCIES:
  - JKActionManager (from `../`)
  - Kiwi

SPEC REPOS:
  trunk:
    - JKDataHelper
    - JKKVOHelper
    - Kiwi

EXTERNAL SOURCES:
  JKActionManager:
    :path: "../"

SPEC CHECKSUMS:
  JKActionManager: a04270376e203b6eff7eafd2ad6f2d26e00ea785
  JKDataHelper: a96de18c1c681e8b881bdd7e71936f1ce9209996
  JKKVOHelper: d5a052889879d8260cf1b4cd0b037af6781193a2
  Kiwi: fbeafef0f00e4d8f7dcb3420a4930afe70af77f7

PODFILE CHECKSUM: b4dd8389a8d458055c3695a7409f0cac08542b4e

COCOAPODS: 1.8.4
